
Microsoft Visual Studio Solution File, Format Version 12.00
# Visual Studio Version 17
VisualStudioVersion = 17.8.34525.116
MinimumVisualStudioVersion = 10.0.40219.1
Project("{8BC9CEB8-8B4A-11D0-8D11-00A0C91BC942}") = "sayHello", "sayHello\sayHello.vcxproj", "{AB99FDF1-F925-4202-8174-5A84AC33DD30}"
EndProject
Project("{8BC9CEB8-8B4A-11D0-8D11-00A0C91BC942}") = "NumbersFrom1To10", "NumbersFrom1To10\NumbersFrom1To10.vcxproj", "{FC2E63AA-4893-482F-BF2D-905BBB334305}"
EndProject
Project("{8BC9CEB8-8B4A-11D0-8D11-00A0C91BC942}") = "RectagleArea", "RectagleArea\RectagleArea.vcxproj", "{EBC656D3-DD90-4873-ACED-50713023E6E5}"
EndProject
Project("{8BC9CEB8-8B4A-11D0-8D11-00A0C91BC942}") = "InchesToCentimeters", "InchesToCentimeters\InchesToCentimeters.vcxproj", "{8567CB75-71F1-4C10-ABE1-FBA65F125311}"
EndProject
Project("{8BC9CEB8-8B4A-11D0-8D11-00A0C91BC942}") = "GreetingByName", "GreetingByName\GreetingByName.vcxproj", "{9F0F6760-691C-4C8A-9924-4AFC697717F8}"
EndProject
Project("{8BC9CEB8-8B4A-11D0-8D11-00A0C91BC942}") = "ConcatenateData", "ConcatenateData\ConcatenateData.vcxproj", "{C6010F5E-110D-4579-B66F-DF75FF67A749}"
EndProject
Global
	GlobalSection(SolutionConfigurationPlatforms) = preSolution
		Debug|x64 = Debug|x64
		Debug|x86 = Debug|x86
		Release|x64 = Release|x64
		Release|x86 = Release|x86
	EndGlobalSection
	GlobalSection(ProjectConfigurationPlatforms) = postSolution
		{AB99FDF1-F925-4202-8174-5A84AC33DD30}.Debug|x64.ActiveCfg = Debug|x64
		{AB99FDF1-F925-4202-8174-5A84AC33DD30}.Debug|x64.Build.0 = Debug|x64
		{AB99FDF1-F925-4202-8174-5A84AC33DD30}.Debug|x86.ActiveCfg = Debug|Win32
		{AB99FDF1-F925-4202-8174-5A84AC33DD30}.Debug|x86.Build.0 = Debug|Win32
		{AB99FDF1-F925-4202-8174-5A84AC33DD30}.Release|x64.ActiveCfg = Release|x64
		{AB99FDF1-F925-4202-8174-5A84AC33DD30}.Release|x64.Build.0 = Release|x64
		{AB99FDF1-F925-4202-8174-5A84AC33DD30}.Release|x86.ActiveCfg = Release|Win32
		{AB99FDF1-F925-4202-8174-5A84AC33DD30}.Release|x86.Build.0 = Release|Win32
		{FC2E63AA-4893-482F-BF2D-905BBB334305}.Debug|x64.ActiveCfg = Debug|x64
		{FC2E63AA-4893-482F-BF2D-905BBB334305}.Debug|x64.Build.0 = Debug|x64
		{FC2E63AA-4893-482F-BF2D-905BBB334305}.Debug|x86.ActiveCfg = Debug|Win32
		{FC2E63AA-4893-482F-BF2D-905BBB334305}.Debug|x86.Build.0 = Debug|Win32
		{FC2E63AA-4893-482F-BF2D-905BBB334305}.Release|x64.ActiveCfg = Release|x64
		{FC2E63AA-4893-482F-BF2D-905BBB334305}.Release|x64.Build.0 = Release|x64
		{FC2E63AA-4893-482F-BF2D-905BBB334305}.Release|x86.ActiveCfg = Release|Win32
		{FC2E63AA-4893-482F-BF2D-905BBB334305}.Release|x86.Build.0 = Release|Win32
		{EBC656D3-DD90-4873-ACED-50713023E6E5}.Debug|x64.ActiveCfg = Debug|x64
		{EBC656D3-DD90-4873-ACED-50713023E6E5}.Debug|x64.Build.0 = Debug|x64
		{EBC656D3-DD90-4873-ACED-50713023E6E5}.Debug|x86.ActiveCfg = Debug|Win32
		{EBC656D3-DD90-4873-ACED-50713023E6E5}.Debug|x86.Build.0 = Debug|Win32
		{EBC656D3-DD90-4873-ACED-50713023E6E5}.Release|x64.ActiveCfg = Release|x64
		{EBC656D3-DD90-4873-ACED-50713023E6E5}.Release|x64.Build.0 = Release|x64
		{EBC656D3-DD90-4873-ACED-50713023E6E5}.Release|x86.ActiveCfg = Release|Win32
		{EBC656D3-DD90-4873-ACED-50713023E6E5}.Release|x86.Build.0 = Release|Win32
		{8567CB75-71F1-4C10-ABE1-FBA65F125311}.Debug|x64.ActiveCfg = Debug|x64
		{8567CB75-71F1-4C10-ABE1-FBA65F125311}.Debug|x64.Build.0 = Debug|x64
		{8567CB75-71F1-4C10-ABE1-FBA65F125311}.Debug|x86.ActiveCfg = Debug|Win32
		{8567CB75-71F1-4C10-ABE1-FBA65F125311}.Debug|x86.Build.0 = Debug|Win32
		{8567CB75-71F1-4C10-ABE1-FBA65F125311}.Release|x64.ActiveCfg = Release|x64
		{8567CB75-71F1-4C10-ABE1-FBA65F125311}.Release|x64.Build.0 = Release|x64
		{8567CB75-71F1-4C10-ABE1-FBA65F125311}.Release|x86.ActiveCfg = Release|Win32
		{8567CB75-71F1-4C10-ABE1-FBA65F125311}.Release|x86.Build.0 = Release|Win32
		{9F0F6760-691C-4C8A-9924-4AFC697717F8}.Debug|x64.ActiveCfg = Debug|x64
		{9F0F6760-691C-4C8A-9924-4AFC697717F8}.Debug|x64.Build.0 = Debug|x64
		{9F0F6760-691C-4C8A-9924-4AFC697717F8}.Debug|x86.ActiveCfg = Debug|Win32
		{9F0F6760-691C-4C8A-9924-4AFC697717F8}.Debug|x86.Build.0 = Debug|Win32
		{9F0F6760-691C-4C8A-9924-4AFC697717F8}.Release|x64.ActiveCfg = Release|x64
		{9F0F6760-691C-4C8A-9924-4AFC697717F8}.Release|x64.Build.0 = Release|x64
		{9F0F6760-691C-4C8A-9924-4AFC697717F8}.Release|x86.ActiveCfg = Release|Win32
		{9F0F6760-691C-4C8A-9924-4AFC697717F8}.Release|x86.Build.0 = Release|Win32
		{C6010F5E-110D-4579-B66F-DF75FF67A749}.Debug|x64.ActiveCfg = Debug|x64
		{C6010F5E-110D-4579-B66F-DF75FF67A749}.Debug|x64.Build.0 = Debug|x64
		{C6010F5E-110D-4579-B66F-DF75FF67A749}.Debug|x86.ActiveCfg = Debug|Win32
		{C6010F5E-110D-4579-B66F-DF75FF67A749}.Debug|x86.Build.0 = Debug|Win32
		{C6010F5E-110D-4579-B66F-DF75FF67A749}.Release|x64.ActiveCfg = Release|x64
		{C6010F5E-110D-4579-B66F-DF75FF67A749}.Release|x64.Build.0 = Release|x64
		{C6010F5E-110D-4579-B66F-DF75FF67A749}.Release|x86.ActiveCfg = Release|Win32
		{C6010F5E-110D-4579-B66F-DF75FF67A749}.Release|x86.Build.0 = Release|Win32
	EndGlobalSection
	GlobalSection(SolutionProperties) = preSolution
		HideSolutionNode = FALSE
	EndGlobalSection
	GlobalSection(ExtensibilityGlobals) = postSolution
		SolutionGuid = {E494B90F-5D37-418C-A35D-14C7228DE874}
	EndGlobalSection
EndGlobal
